
Microsoft Visual Studio Solution File, Format Version 12.00
# Visual Studio Version 16
VisualStudioVersion = 16.0.29519.181
MinimumVisualStudioVersion = 10.0.40219.1
Project("{FAE04EC0-301F-11D3-BF4B-00C04F79EFBC}") = "WindowsFormsApp1", "WindowsFormsApp1.csproj", "{47834974-516C-4F28-BFDD-4FAB625F45B0}"
EndProject
Global
	GlobalSection(SolutionConfigurationPlatforms) = preSolution
		Debug|Any CPU = Debug|Any CPU
		Release|Any CPU = Release|Any CPU
	EndGlobalSection
	GlobalSection(ProjectConfigurationPlatforms) = postSolution
		{47834974-516C-4F28-BFDD-4FAB625F45B0}.Debug|Any CPU.ActiveCfg = Debug|Any CPU
		{47834974-516C-4F28-BFDD-4FAB625F45B0}.Debug|Any CPU.Build.0 = Debug|Any CPU
		{47834974-516C-4F28-BFDD-4FAB625F45B0}.Release|Any CPU.ActiveCfg = Release|Any CPU
		{47834974-516C-4F28-BFDD-4FAB625F45B0}.Release|Any CPU.Build.0 = Release|Any CPU
	EndGlobalSection
	GlobalSection(SolutionProperties) = preSolution
		HideSolutionNode = FALSE
	EndGlobalSection
	GlobalSection(ExtensibilityGlobals) = postSolution
		SolutionGuid = {EB2D0199-9422-4CE3-9F6A-EAC16D22F00A}
	EndGlobalSection
EndGlobal
